
Microsoft Visual Studio Solution File, Format Version 12.00
# Visual Studio Version 16
VisualStudioVersion = 16.0.30413.136
MinimumVisualStudioVersion = 10.0.40219.1
Project("{FAE04EC0-301F-11D3-BF4B-00C04F79EFBC}") = "WindowsFormsApp11", "WindowsFormsApp11\WindowsFormsApp11.csproj", "{096DFC79-7F79-46A7-83CD-3633268632AD}"
EndProject
Global
	GlobalSection(SolutionConfigurationPlatforms) = preSolution
		Debug|Any CPU = Debug|Any CPU
		Release|Any CPU = Release|Any CPU
	EndGlobalSection
	GlobalSection(ProjectConfigurationPlatforms) = postSolution
		{096DFC79-7F79-46A7-83CD-3633268632AD}.Debug|Any CPU.ActiveCfg = Debug|Any CPU
		{096DFC79-7F79-46A7-83CD-3633268632AD}.Debug|Any CPU.Build.0 = Debug|Any CPU
		{096DFC79-7F79-46A7-83CD-3633268632AD}.Release|Any CPU.ActiveCfg = Release|Any CPU
		{096DFC79-7F79-46A7-83CD-3633268632AD}.Release|Any CPU.Build.0 = Release|Any CPU
	EndGlobalSection
	GlobalSection(SolutionProperties) = preSolution
		HideSolutionNode = FALSE
	EndGlobalSection
	GlobalSection(ExtensibilityGlobals) = postSolution
		SolutionGuid = {5B719B87-1865-48DA-90AF-82117284EAB2}
	EndGlobalSection
EndGlobal
